
Microsoft Visual Studio Solution File, Format Version 12.00
# Visual Studio Version 17
VisualStudioVersion = 17.5.002.0
MinimumVisualStudioVersion = 10.0.40219.1
Project("{9A19103F-16F7-4668-BE54-9A1E7A4F7556}") = "Server", "Server\Server.csproj", "{47B56674-AD09-4FEB-9201-9710F9251BB9}"
EndProject
Project("{9A19103F-16F7-4668-BE54-9A1E7A4F7556}") = "Shared", "Shared\Shared.csproj", "{AAE3821D-D6F6-4C78-9C5C-2C576FB0BCC0}"
EndProject
Project("{9A19103F-16F7-4668-BE54-9A1E7A4F7556}") = "Client", "Client\Client.csproj", "{BC7ED6B4-A54F-4D08-8284-DF7710859EA0}"
EndProject
Global
	GlobalSection(SolutionConfigurationPlatforms) = preSolution
		Debug|Any CPU = Debug|Any CPU
		Release|Any CPU = Release|Any CPU
	EndGlobalSection
	GlobalSection(ProjectConfigurationPlatforms) = postSolution
		{47B56674-AD09-4FEB-9201-9710F9251BB9}.Debug|Any CPU.ActiveCfg = Debug|Any CPU
		{47B56674-AD09-4FEB-9201-9710F9251BB9}.Debug|Any CPU.Build.0 = Debug|Any CPU
		{47B56674-AD09-4FEB-9201-9710F9251BB9}.Release|Any CPU.ActiveCfg = Release|Any CPU
		{47B56674-AD09-4FEB-9201-9710F9251BB9}.Release|Any CPU.Build.0 = Release|Any CPU
		{AAE3821D-D6F6-4C78-9C5C-2C576FB0BCC0}.Debug|Any CPU.ActiveCfg = Debug|Any CPU
		{AAE3821D-D6F6-4C78-9C5C-2C576FB0BCC0}.Debug|Any CPU.Build.0 = Debug|Any CPU
		{AAE3821D-D6F6-4C78-9C5C-2C576FB0BCC0}.Release|Any CPU.ActiveCfg = Release|Any CPU
		{AAE3821D-D6F6-4C78-9C5C-2C576FB0BCC0}.Release|Any CPU.Build.0 = Release|Any CPU
		{BC7ED6B4-A54F-4D08-8284-DF7710859EA0}.Debug|Any CPU.ActiveCfg = Debug|Any CPU
		{BC7ED6B4-A54F-4D08-8284-DF7710859EA0}.Debug|Any CPU.Build.0 = Debug|Any CPU
		{BC7ED6B4-A54F-4D08-8284-DF7710859EA0}.Release|Any CPU.ActiveCfg = Release|Any CPU
		{BC7ED6B4-A54F-4D08-8284-DF7710859EA0}.Release|Any CPU.Build.0 = Release|Any CPU
	EndGlobalSection
	GlobalSection(SolutionProperties) = preSolution
		HideSolutionNode = FALSE
	EndGlobalSection
	GlobalSection(ExtensibilityGlobals) = postSolution
		SolutionGuid = {2D7971B7-AEA9-4C47-9933-B4CD0931CC79}
	EndGlobalSection
EndGlobal
