
Microsoft Visual Studio Solution File, Format Version 12.00
# Visual Studio Version 17
VisualStudioVersion = 17.5.002.0
MinimumVisualStudioVersion = 10.0.40219.1
Project("{9A19103F-16F7-4668-BE54-9A1E7A4F7556}") = "Server", "Server\Server.csproj", "{6A2444BD-7639-40BC-A800-03832238A4DA}"
EndProject
Project("{9A19103F-16F7-4668-BE54-9A1E7A4F7556}") = "Shared", "Shared\Shared.csproj", "{C3EE9E94-178A-43C8-AD05-653FB96B6795}"
EndProject
Project("{9A19103F-16F7-4668-BE54-9A1E7A4F7556}") = "Client", "Client\Client.csproj", "{7A610821-099C-41FF-8ECD-B0ED9BCD2AFB}"
EndProject
Global
	GlobalSection(SolutionConfigurationPlatforms) = preSolution
		Debug|Any CPU = Debug|Any CPU
		Release|Any CPU = Release|Any CPU
	EndGlobalSection
	GlobalSection(ProjectConfigurationPlatforms) = postSolution
		{6A2444BD-7639-40BC-A800-03832238A4DA}.Debug|Any CPU.ActiveCfg = Debug|Any CPU
		{6A2444BD-7639-40BC-A800-03832238A4DA}.Debug|Any CPU.Build.0 = Debug|Any CPU
		{6A2444BD-7639-40BC-A800-03832238A4DA}.Release|Any CPU.ActiveCfg = Release|Any CPU
		{6A2444BD-7639-40BC-A800-03832238A4DA}.Release|Any CPU.Build.0 = Release|Any CPU
		{C3EE9E94-178A-43C8-AD05-653FB96B6795}.Debug|Any CPU.ActiveCfg = Debug|Any CPU
		{C3EE9E94-178A-43C8-AD05-653FB96B6795}.Debug|Any CPU.Build.0 = Debug|Any CPU
		{C3EE9E94-178A-43C8-AD05-653FB96B6795}.Release|Any CPU.ActiveCfg = Release|Any CPU
		{C3EE9E94-178A-43C8-AD05-653FB96B6795}.Release|Any CPU.Build.0 = Release|Any CPU
		{7A610821-099C-41FF-8ECD-B0ED9BCD2AFB}.Debug|Any CPU.ActiveCfg = Debug|Any CPU
		{7A610821-099C-41FF-8ECD-B0ED9BCD2AFB}.Debug|Any CPU.Build.0 = Debug|Any CPU
		{7A610821-099C-41FF-8ECD-B0ED9BCD2AFB}.Release|Any CPU.ActiveCfg = Release|Any CPU
		{7A610821-099C-41FF-8ECD-B0ED9BCD2AFB}.Release|Any CPU.Build.0 = Release|Any CPU
	EndGlobalSection
	GlobalSection(SolutionProperties) = preSolution
		HideSolutionNode = FALSE
	EndGlobalSection
	GlobalSection(ExtensibilityGlobals) = postSolution
		SolutionGuid = {2D7971B7-AEA9-4C47-9933-B4CD0931CC79}
	EndGlobalSection
EndGlobal
